Microsoft Visual Studio Solution File, Format Version 11.00
# Visual Studio 2008

Project("{069718F2-CAA3-CA3B-89AA-B3ED41D09268}") = "SpaceSlider", "Assembly-CSharp.csproj", "{9FDD2CBD-6683-A2F1-72A9-0DA737E1FB41}"
EndProject
Global
	GlobalSection(SolutionConfigurationPlatforms) = preSolution
		Debug|Any CPU = Debug|Any CPU
		Release|Any CPU = Release|Any CPU
	EndGlobalSection
	GlobalSection(ProjectConfigurationPlatforms) = postSolution
		{9FDD2CBD-6683-A2F1-72A9-0DA737E1FB41}.Debug|Any CPU.ActiveCfg = Debug|Any CPU
		{9FDD2CBD-6683-A2F1-72A9-0DA737E1FB41}.Debug|Any CPU.Build.0 = Debug|Any CPU
		{9FDD2CBD-6683-A2F1-72A9-0DA737E1FB41}.Release|Any CPU.ActiveCfg = Release|Any CPU
		{9FDD2CBD-6683-A2F1-72A9-0DA737E1FB41}.Release|Any CPU.Build.0 = Release|Any CPU
	EndGlobalSection
	GlobalSection(SolutionProperties) = preSolution
		HideSolutionNode = FALSE
	EndGlobalSection
	GlobalSection(MonoDevelopProperties) = preSolution
		StartupItem = Assembly-CSharp.csproj
	EndGlobalSection
EndGlobal
